
Microsoft Visual Studio Solution File, Format Version 12.00
# Visual Studio Version 17
VisualStudioVersion = 17.10.35013.160
MinimumVisualStudioVersion = 10.0.40219.1
Project("{9A19103F-16F7-4668-BE54-9A1E7A4F7556}") = "Problema15.1", "Problema15.1.csproj", "{05D279D0-EF49-4A3F-AD1A-F04EAA66E72F}"
EndProject
Global
	GlobalSection(SolutionConfigurationPlatforms) = preSolution
		Debug|Any CPU = Debug|Any CPU
		Release|Any CPU = Release|Any CPU
	EndGlobalSection
	GlobalSection(ProjectConfigurationPlatforms) = postSolution
		{05D279D0-EF49-4A3F-AD1A-F04EAA66E72F}.Debug|Any CPU.ActiveCfg = Debug|Any CPU
		{05D279D0-EF49-4A3F-AD1A-F04EAA66E72F}.Debug|Any CPU.Build.0 = Debug|Any CPU
		{05D279D0-EF49-4A3F-AD1A-F04EAA66E72F}.Release|Any CPU.ActiveCfg = Release|Any CPU
		{05D279D0-EF49-4A3F-AD1A-F04EAA66E72F}.Release|Any CPU.Build.0 = Release|Any CPU
	EndGlobalSection
	GlobalSection(SolutionProperties) = preSolution
		HideSolutionNode = FALSE
	EndGlobalSection
	GlobalSection(ExtensibilityGlobals) = postSolution
		SolutionGuid = {14631EA2-7342-422C-89C2-4C608D3A5A96}
	EndGlobalSection
EndGlobal
